
Microsoft Visual Studio Solution File, Format Version 12.00
# Visual Studio Version 17
VisualStudioVersion = 17.4.33103.184
MinimumVisualStudioVersion = 10.0.40219.1
Project("{FAE04EC0-301F-11D3-BF4B-00C04F79EFBC}") = "Labration 3", "Labration 3.csproj", "{2A509C24-67DE-4D89-9ED7-55DA6D7E7589}"
EndProject
Global
	GlobalSection(SolutionConfigurationPlatforms) = preSolution
		Debug|Any CPU = Debug|Any CPU
		Release|Any CPU = Release|Any CPU
	EndGlobalSection
	GlobalSection(ProjectConfigurationPlatforms) = postSolution
		{2A509C24-67DE-4D89-9ED7-55DA6D7E7589}.Debug|Any CPU.ActiveCfg = Debug|Any CPU
		{2A509C24-67DE-4D89-9ED7-55DA6D7E7589}.Debug|Any CPU.Build.0 = Debug|Any CPU
		{2A509C24-67DE-4D89-9ED7-55DA6D7E7589}.Release|Any CPU.ActiveCfg = Release|Any CPU
		{2A509C24-67DE-4D89-9ED7-55DA6D7E7589}.Release|Any CPU.Build.0 = Release|Any CPU
	EndGlobalSection
	GlobalSection(SolutionProperties) = preSolution
		HideSolutionNode = FALSE
	EndGlobalSection
	GlobalSection(ExtensibilityGlobals) = postSolution
		SolutionGuid = {39EA5C86-681C-43B5-B89D-20EA4FB11FBB}
	EndGlobalSection
EndGlobal
